
Microsoft Visual Studio Solution File, Format Version 12.00
# Visual Studio Version 16
VisualStudioVersion = 16.0.31402.337
MinimumVisualStudioVersion = 10.0.40219.1
Project("{FAE04EC0-301F-11D3-BF4B-00C04F79EFBC}") = "BachQuocDong_425_16762", "BachQuocDong_425_16762.csproj", "{1AEAA426-A29A-4005-AD97-F89F10E6A71E}"
EndProject
Global
	GlobalSection(SolutionConfigurationPlatforms) = preSolution
		Debug|Any CPU = Debug|Any CPU
		Release|Any CPU = Release|Any CPU
	EndGlobalSection
	GlobalSection(ProjectConfigurationPlatforms) = postSolution
		{1AEAA426-A29A-4005-AD97-F89F10E6A71E}.Debug|Any CPU.ActiveCfg = Debug|Any CPU
		{1AEAA426-A29A-4005-AD97-F89F10E6A71E}.Debug|Any CPU.Build.0 = Debug|Any CPU
		{1AEAA426-A29A-4005-AD97-F89F10E6A71E}.Release|Any CPU.ActiveCfg = Release|Any CPU
		{1AEAA426-A29A-4005-AD97-F89F10E6A71E}.Release|Any CPU.Build.0 = Release|Any CPU
	EndGlobalSection
	GlobalSection(SolutionProperties) = preSolution
		HideSolutionNode = FALSE
	EndGlobalSection
	GlobalSection(ExtensibilityGlobals) = postSolution
		SolutionGuid = {00B499ED-D9BD-4973-A807-34930DB41393}
	EndGlobalSection
EndGlobal
