
Microsoft Visual Studio Solution File, Format Version 12.00
# Visual Studio Version 16
VisualStudioVersion = 16.0.31402.337
MinimumVisualStudioVersion = 10.0.40219.1
Project("{FAE04EC0-301F-11D3-BF4B-00C04F79EFBC}") = "De1", "De1.csproj", "{FDCD470F-246C-4B04-B5BC-AAE3E508D496}"
EndProject
Global
	GlobalSection(SolutionConfigurationPlatforms) = preSolution
		Debug|Any CPU = Debug|Any CPU
		Release|Any CPU = Release|Any CPU
	EndGlobalSection
	GlobalSection(ProjectConfigurationPlatforms) = postSolution
		{FDCD470F-246C-4B04-B5BC-AAE3E508D496}.Debug|Any CPU.ActiveCfg = Debug|Any CPU
		{FDCD470F-246C-4B04-B5BC-AAE3E508D496}.Debug|Any CPU.Build.0 = Debug|Any CPU
		{FDCD470F-246C-4B04-B5BC-AAE3E508D496}.Release|Any CPU.ActiveCfg = Release|Any CPU
		{FDCD470F-246C-4B04-B5BC-AAE3E508D496}.Release|Any CPU.Build.0 = Release|Any CPU
	EndGlobalSection
	GlobalSection(SolutionProperties) = preSolution
		HideSolutionNode = FALSE
	EndGlobalSection
	GlobalSection(ExtensibilityGlobals) = postSolution
		SolutionGuid = {33D12E79-CDF7-4D28-8ECB-4126D0D5900A}
	EndGlobalSection
EndGlobal
