
Microsoft Visual Studio Solution File, Format Version 12.00
# Visual Studio Version 16
VisualStudioVersion = 16.0.31402.337
MinimumVisualStudioVersion = 10.0.40219.1
Project("{FAE04EC0-301F-11D3-BF4B-00C04F79EFBC}") = "Bai6", "Bai6.csproj", "{A8BDEC33-3AF0-42BD-823B-B2BF17D013B5}"
EndProject
Global
	GlobalSection(SolutionConfigurationPlatforms) = preSolution
		Debug|Any CPU = Debug|Any CPU
		Release|Any CPU = Release|Any CPU
	EndGlobalSection
	GlobalSection(ProjectConfigurationPlatforms) = postSolution
		{A8BDEC33-3AF0-42BD-823B-B2BF17D013B5}.Debug|Any CPU.ActiveCfg = Debug|Any CPU
		{A8BDEC33-3AF0-42BD-823B-B2BF17D013B5}.Debug|Any CPU.Build.0 = Debug|Any CPU
		{A8BDEC33-3AF0-42BD-823B-B2BF17D013B5}.Release|Any CPU.ActiveCfg = Release|Any CPU
		{A8BDEC33-3AF0-42BD-823B-B2BF17D013B5}.Release|Any CPU.Build.0 = Release|Any CPU
	EndGlobalSection
	GlobalSection(SolutionProperties) = preSolution
		HideSolutionNode = FALSE
	EndGlobalSection
	GlobalSection(ExtensibilityGlobals) = postSolution
		SolutionGuid = {2F062F82-5B0D-4170-BD37-1E1BE1999DBE}
	EndGlobalSection
EndGlobal
