
Microsoft Visual Studio Solution File, Format Version 12.00
# Visual Studio Version 16
VisualStudioVersion = 16.0.31402.337
MinimumVisualStudioVersion = 10.0.40219.1
Project("{FAE04EC0-301F-11D3-BF4B-00C04F79EFBC}") = "Bai8", "Bai8.csproj", "{3395AB29-2613-4C01-8674-4B401165572F}"
EndProject
Project("{FAE04EC0-301F-11D3-BF4B-00C04F79EFBC}") = "Bai8.2", "..\Bai8.2\Bai8.2.csproj", "{D71023DD-2A49-4771-8EE2-A0AD1BD4ECC6}"
EndProject
Project("{FAE04EC0-301F-11D3-BF4B-00C04F79EFBC}") = "Bai8.3", "..\Bai8.3\Bai8.3.csproj", "{FBAECC62-1990-4A15-8B88-439AAF9C39BC}"
EndProject
Global
	GlobalSection(SolutionConfigurationPlatforms) = preSolution
		Debug|Any CPU = Debug|Any CPU
		Release|Any CPU = Release|Any CPU
	EndGlobalSection
	GlobalSection(ProjectConfigurationPlatforms) = postSolution
		{3395AB29-2613-4C01-8674-4B401165572F}.Debug|Any CPU.ActiveCfg = Debug|Any CPU
		{3395AB29-2613-4C01-8674-4B401165572F}.Debug|Any CPU.Build.0 = Debug|Any CPU
		{3395AB29-2613-4C01-8674-4B401165572F}.Release|Any CPU.ActiveCfg = Release|Any CPU
		{3395AB29-2613-4C01-8674-4B401165572F}.Release|Any CPU.Build.0 = Release|Any CPU
		{D71023DD-2A49-4771-8EE2-A0AD1BD4ECC6}.Debug|Any CPU.ActiveCfg = Debug|Any CPU
		{D71023DD-2A49-4771-8EE2-A0AD1BD4ECC6}.Debug|Any CPU.Build.0 = Debug|Any CPU
		{D71023DD-2A49-4771-8EE2-A0AD1BD4ECC6}.Release|Any CPU.ActiveCfg = Release|Any CPU
		{D71023DD-2A49-4771-8EE2-A0AD1BD4ECC6}.Release|Any CPU.Build.0 = Release|Any CPU
		{FBAECC62-1990-4A15-8B88-439AAF9C39BC}.Debug|Any CPU.ActiveCfg = Debug|Any CPU
		{FBAECC62-1990-4A15-8B88-439AAF9C39BC}.Debug|Any CPU.Build.0 = Debug|Any CPU
		{FBAECC62-1990-4A15-8B88-439AAF9C39BC}.Release|Any CPU.ActiveCfg = Release|Any CPU
		{FBAECC62-1990-4A15-8B88-439AAF9C39BC}.Release|Any CPU.Build.0 = Release|Any CPU
	EndGlobalSection
	GlobalSection(SolutionProperties) = preSolution
		HideSolutionNode = FALSE
	EndGlobalSection
	GlobalSection(ExtensibilityGlobals) = postSolution
		SolutionGuid = {94673496-2585-4D2C-A9CE-B1702164886E}
	EndGlobalSection
EndGlobal
