
Microsoft Visual Studio Solution File, Format Version 12.00
# Visual Studio Version 16
VisualStudioVersion = 16.0.31402.337
MinimumVisualStudioVersion = 10.0.40219.1
Project("{FAE04EC0-301F-11D3-BF4B-00C04F79EFBC}") = "Bai13-BookStore", "Bai13-BookStore.csproj", "{737D1989-995A-4FA7-9F8B-DB6265C8CB28}"
EndProject
Global
	GlobalSection(SolutionConfigurationPlatforms) = preSolution
		Debug|Any CPU = Debug|Any CPU
		Release|Any CPU = Release|Any CPU
	EndGlobalSection
	GlobalSection(ProjectConfigurationPlatforms) = postSolution
		{737D1989-995A-4FA7-9F8B-DB6265C8CB28}.Debug|Any CPU.ActiveCfg = Debug|Any CPU
		{737D1989-995A-4FA7-9F8B-DB6265C8CB28}.Debug|Any CPU.Build.0 = Debug|Any CPU
		{737D1989-995A-4FA7-9F8B-DB6265C8CB28}.Release|Any CPU.ActiveCfg = Release|Any CPU
		{737D1989-995A-4FA7-9F8B-DB6265C8CB28}.Release|Any CPU.Build.0 = Release|Any CPU
	EndGlobalSection
	GlobalSection(SolutionProperties) = preSolution
		HideSolutionNode = FALSE
	EndGlobalSection
	GlobalSection(ExtensibilityGlobals) = postSolution
		SolutionGuid = {90DC0920-7436-47AA-890A-A30FBFAC7BBF}
	EndGlobalSection
EndGlobal
