
Microsoft Visual Studio Solution File, Format Version 12.00
# Visual Studio Version 16
VisualStudioVersion = 16.0.30717.126
MinimumVisualStudioVersion = 10.0.40219.1
Project("{FAE04EC0-301F-11D3-BF4B-00C04F79EFBC}") = "NguyenTrongCuong_2018604343_proj6", "NguyenTrongCuong_2018604343_proj6.csproj", "{F32BB096-A7EC-4626-B636-CFBBEF4609EF}"
EndProject
Global
	GlobalSection(SolutionConfigurationPlatforms) = preSolution
		Debug|Any CPU = Debug|Any CPU
		Release|Any CPU = Release|Any CPU
	EndGlobalSection
	GlobalSection(ProjectConfigurationPlatforms) = postSolution
		{F32BB096-A7EC-4626-B636-CFBBEF4609EF}.Debug|Any CPU.ActiveCfg = Debug|Any CPU
		{F32BB096-A7EC-4626-B636-CFBBEF4609EF}.Debug|Any CPU.Build.0 = Debug|Any CPU
		{F32BB096-A7EC-4626-B636-CFBBEF4609EF}.Release|Any CPU.ActiveCfg = Release|Any CPU
		{F32BB096-A7EC-4626-B636-CFBBEF4609EF}.Release|Any CPU.Build.0 = Release|Any CPU
	EndGlobalSection
	GlobalSection(SolutionProperties) = preSolution
		HideSolutionNode = FALSE
	EndGlobalSection
	GlobalSection(ExtensibilityGlobals) = postSolution
		SolutionGuid = {A28A3A85-9D83-447C-B55D-C07494211F59}
	EndGlobalSection
EndGlobal
