
Microsoft Visual Studio Solution File, Format Version 12.00
# Visual Studio Version 16
VisualStudioVersion = 16.0.31402.337
MinimumVisualStudioVersion = 10.0.40219.1
Project("{FAE04EC0-301F-11D3-BF4B-00C04F79EFBC}") = "Bai7", "Bai7.csproj", "{8DECA512-88DB-4446-B8D7-C550EA30358C}"
EndProject
Global
	GlobalSection(SolutionConfigurationPlatforms) = preSolution
		Debug|Any CPU = Debug|Any CPU
		Release|Any CPU = Release|Any CPU
	EndGlobalSection
	GlobalSection(ProjectConfigurationPlatforms) = postSolution
		{8DECA512-88DB-4446-B8D7-C550EA30358C}.Debug|Any CPU.ActiveCfg = Debug|Any CPU
		{8DECA512-88DB-4446-B8D7-C550EA30358C}.Debug|Any CPU.Build.0 = Debug|Any CPU
		{8DECA512-88DB-4446-B8D7-C550EA30358C}.Release|Any CPU.ActiveCfg = Release|Any CPU
		{8DECA512-88DB-4446-B8D7-C550EA30358C}.Release|Any CPU.Build.0 = Release|Any CPU
	EndGlobalSection
	GlobalSection(SolutionProperties) = preSolution
		HideSolutionNode = FALSE
	EndGlobalSection
	GlobalSection(ExtensibilityGlobals) = postSolution
		SolutionGuid = {F6EC12E4-3D6E-4C45-8395-7034CC3BFB6E}
	EndGlobalSection
EndGlobal
