
Microsoft Visual Studio Solution File, Format Version 12.00
# Visual Studio Version 16
VisualStudioVersion = 16.0.30717.126
MinimumVisualStudioVersion = 10.0.40219.1
Project("{FAE04EC0-301F-11D3-BF4B-00C04F79EFBC}") = "Bai4.1", "Bai4.1.csproj", "{4A084B46-C6D5-4E94-B779-C6F5252D8095}"
EndProject
Global
	GlobalSection(SolutionConfigurationPlatforms) = preSolution
		Debug|Any CPU = Debug|Any CPU
		Release|Any CPU = Release|Any CPU
	EndGlobalSection
	GlobalSection(ProjectConfigurationPlatforms) = postSolution
		{4A084B46-C6D5-4E94-B779-C6F5252D8095}.Debug|Any CPU.ActiveCfg = Debug|Any CPU
		{4A084B46-C6D5-4E94-B779-C6F5252D8095}.Debug|Any CPU.Build.0 = Debug|Any CPU
		{4A084B46-C6D5-4E94-B779-C6F5252D8095}.Release|Any CPU.ActiveCfg = Release|Any CPU
		{4A084B46-C6D5-4E94-B779-C6F5252D8095}.Release|Any CPU.Build.0 = Release|Any CPU
	EndGlobalSection
	GlobalSection(SolutionProperties) = preSolution
		HideSolutionNode = FALSE
	EndGlobalSection
	GlobalSection(ExtensibilityGlobals) = postSolution
		SolutionGuid = {6EB08F07-FEDD-428A-B821-FB728D0FFC4E}
	EndGlobalSection
EndGlobal
